# This file is automatically @generated by Cargo.
# It is not intended for manual editing.
version = 4

[[package]]
name = "ink-compiler"
version = "0.1.0"
dependencies = [
 "ink-runtime",
]

[[package]]
name = "ink-integration-tests"
version = "0.1.0"
dependencies = [
 "ink-compiler",
 "ink-runtime",
]

[[package]]
name = "ink-runtime"
version = "0.1.0"

[[package]]
name = "ink-testbed"
version = "0.1.0"
dependencies = [
 "ink-compiler",
 "ink-runtime",
]

[[package]]
name = "ink-tests"
version = "0.1.0"
dependencies = [
 "ink-compiler",
 "ink-runtime",
]

[[package]]
name = "inklecate"
version = "0.1.0"
dependencies = [
 "ink-compiler",
 "ink-runtime",
]
